
Microsoft Visual Studio Solution File, Format Version 12.00
# Visual Studio Version 17
VisualStudioVersion = 17.6.33829.357
MinimumVisualStudioVersion = 10.0.40219.1
Project("{9A19103F-16F7-4668-BE54-9A1E7A4F7556}") = "TNS_KPI_BankAccount", "TNS_KPI_BankAccount.csproj", "{639F834C-E972-4A1A-9AE0-E41144899B70}"
EndProject
Global
	GlobalSection(SolutionConfigurationPlatforms) = preSolution
		Debug|Any CPU = Debug|Any CPU
		Release|Any CPU = Release|Any CPU
	EndGlobalSection
	GlobalSection(ProjectConfigurationPlatforms) = postSolution
		{639F834C-E972-4A1A-9AE0-E41144899B70}.Debug|Any CPU.ActiveCfg = Debug|Any CPU
		{639F834C-E972-4A1A-9AE0-E41144899B70}.Debug|Any CPU.Build.0 = Debug|Any CPU
		{639F834C-E972-4A1A-9AE0-E41144899B70}.Release|Any CPU.ActiveCfg = Release|Any CPU
		{639F834C-E972-4A1A-9AE0-E41144899B70}.Release|Any CPU.Build.0 = Release|Any CPU
	EndGlobalSection
	GlobalSection(SolutionProperties) = preSolution
		HideSolutionNode = FALSE
	EndGlobalSection
	GlobalSection(ExtensibilityGlobals) = postSolution
		SolutionGuid = {A39E95D6-B793-4850-A537-48577D32CDE6}
	EndGlobalSection
EndGlobal
